
Microsoft Visual Studio Solution File, Format Version 12.00
# Visual Studio 2013
VisualStudioVersion = 12.0.30501.0
MinimumVisualStudioVersion = 10.0.40219.1
Project("{FAE04EC0-301F-11D3-BF4B-00C04F79EFBC}") = "SharePointHelper", "SharePointHelper\SharePointHelper.csproj", "{6CA0F2ED-2302-410B-AA70-D528A64D328C}"
EndProject
Project("{FAE04EC0-301F-11D3-BF4B-00C04F79EFBC}") = "SharePointHelper.Tests", "SharePointHelper.Tests\SharePointHelper.Tests.csproj", "{A1AC7F41-147E-4D8E-A69F-487A4B92742E}"
EndProject
Global
	GlobalSection(SolutionConfigurationPlatforms) = preSolution
		Debug|Any CPU = Debug|Any CPU
		Release|Any CPU = Release|Any CPU
	EndGlobalSection
	GlobalSection(ProjectConfigurationPlatforms) = postSolution
		{6CA0F2ED-2302-410B-AA70-D528A64D328C}.Debug|Any CPU.ActiveCfg = Debug|Any CPU
		{6CA0F2ED-2302-410B-AA70-D528A64D328C}.Debug|Any CPU.Build.0 = Debug|Any CPU
		{6CA0F2ED-2302-410B-AA70-D528A64D328C}.Release|Any CPU.ActiveCfg = Release|Any CPU
		{6CA0F2ED-2302-410B-AA70-D528A64D328C}.Release|Any CPU.Build.0 = Release|Any CPU
		{A1AC7F41-147E-4D8E-A69F-487A4B92742E}.Debug|Any CPU.ActiveCfg = Debug|Any CPU
		{A1AC7F41-147E-4D8E-A69F-487A4B92742E}.Debug|Any CPU.Build.0 = Debug|Any CPU
		{A1AC7F41-147E-4D8E-A69F-487A4B92742E}.Release|Any CPU.ActiveCfg = Release|Any CPU
		{A1AC7F41-147E-4D8E-A69F-487A4B92742E}.Release|Any CPU.Build.0 = Release|Any CPU
	EndGlobalSection
	GlobalSection(SolutionProperties) = preSolution
		HideSolutionNode = FALSE
	EndGlobalSection
EndGlobal
